
Microsoft Visual Studio Solution File, Format Version 12.00
# Visual Studio Version 16
VisualStudioVersion = 16.0.32929.386
MinimumVisualStudioVersion = 10.0.40219.1
Project("{FAE04EC0-301F-11D3-BF4B-00C04F79EFBC}") = "TestExamples", "TestExamples\TestExamples.csproj", "{804847EC-7A25-4061-8883-3BB3D0809601}"
EndProject
Project("{FAE04EC0-301F-11D3-BF4B-00C04F79EFBC}") = "TestExamples.Test", "TestExamples.Test\TestExamples.Test.csproj", "{A5887CB5-20C3-4401-8A7C-8D0EBC7C20A2}"
EndProject
Global
	GlobalSection(SolutionConfigurationPlatforms) = preSolution
		Debug|Any CPU = Debug|Any CPU
		Release|Any CPU = Release|Any CPU
	EndGlobalSection
	GlobalSection(ProjectConfigurationPlatforms) = postSolution
		{804847EC-7A25-4061-8883-3BB3D0809601}.Debug|Any CPU.ActiveCfg = Debug|Any CPU
		{804847EC-7A25-4061-8883-3BB3D0809601}.Debug|Any CPU.Build.0 = Debug|Any CPU
		{804847EC-7A25-4061-8883-3BB3D0809601}.Release|Any CPU.ActiveCfg = Release|Any CPU
		{804847EC-7A25-4061-8883-3BB3D0809601}.Release|Any CPU.Build.0 = Release|Any CPU
		{A5887CB5-20C3-4401-8A7C-8D0EBC7C20A2}.Debug|Any CPU.ActiveCfg = Debug|Any CPU
		{A5887CB5-20C3-4401-8A7C-8D0EBC7C20A2}.Debug|Any CPU.Build.0 = Debug|Any CPU
		{A5887CB5-20C3-4401-8A7C-8D0EBC7C20A2}.Release|Any CPU.ActiveCfg = Release|Any CPU
		{A5887CB5-20C3-4401-8A7C-8D0EBC7C20A2}.Release|Any CPU.Build.0 = Release|Any CPU
	EndGlobalSection
	GlobalSection(SolutionProperties) = preSolution
		HideSolutionNode = FALSE
	EndGlobalSection
	GlobalSection(ExtensibilityGlobals) = postSolution
		SolutionGuid = {641C3837-8F9C-40A3-8870-6ED3B18A15CB}
	EndGlobalSection
EndGlobal
